# This file is autogenerated, do not edit; changes may be undone by the next 'dep ensure'.


[[projects]]
  name = "github.com/howeyc/fsnotify"
  packages = ["."]
  revision = "441bbc86b167f3c1f4786afae9931403b99fdacf"
  version = "v0.9.0"

[[projects]]
  name = "github.com/mattn/go-colorable"
  packages = ["."]
  revision = "167de6bfdfba052fa6b2d3664c8f5272e23c9072"
  version = "v0.0.9"

[[projects]]
  name = "github.com/mattn/go-isatty"
  packages = ["."]
  revision = "0360b2af4f38e8d38c7fce2a9f4e702702d73a39"
  version = "v0.0.3"

[[projects]]
  branch = "master"
  name = "github.com/pilu/config"
  packages = ["."]
  revision = "3eb99e6c0b9a2dae0f56f05552c06ca5a643919b"

[[projects]]
  branch = "master"
  name = "github.com/pilu/fresh"
  packages = ["runner"]
  revision = "9c0092493eff2825c3abf64e087b3383dec939c3"

[[projects]]
  branch = "master"
  name = "golang.org/x/sys"
  packages = ["unix"]
  revision = "328643532ee3c60c099171d4ce2cad0ca0354ca9"

[solve-meta]
  analyzer-name = "dep"
  analyzer-version = 1
  inputs-digest = "f84f67d6b527fb8f9ef0cd0022f3f6778f83204f3a09e106b036a3bac8f64e5e"
  solver-name = "gps-cdcl"
  solver-version = 1
